
Microsoft Visual Studio Solution File, Format Version 12.00
# Visual Studio Version 17
VisualStudioVersion = 17.0.32112.339
MinimumVisualStudioVersion = 10.0.40219.1
Project("{FAE04EC0-301F-11D3-BF4B-00C04F79EFBC}") = "create emp with only properties", "create emp with only properties\create emp with only properties.csproj", "{DBD12443-6F77-407C-9E03-CEE1CC132D98}"
EndProject
Global
	GlobalSection(SolutionConfigurationPlatforms) = preSolution
		Debug|Any CPU = Debug|Any CPU
		Release|Any CPU = Release|Any CPU
	EndGlobalSection
	GlobalSection(ProjectConfigurationPlatforms) = postSolution
		{DBD12443-6F77-407C-9E03-CEE1CC132D98}.Debug|Any CPU.ActiveCfg = Debug|Any CPU
		{DBD12443-6F77-407C-9E03-CEE1CC132D98}.Debug|Any CPU.Build.0 = Debug|Any CPU
		{DBD12443-6F77-407C-9E03-CEE1CC132D98}.Release|Any CPU.ActiveCfg = Release|Any CPU
		{DBD12443-6F77-407C-9E03-CEE1CC132D98}.Release|Any CPU.Build.0 = Release|Any CPU
	EndGlobalSection
	GlobalSection(SolutionProperties) = preSolution
		HideSolutionNode = FALSE
	EndGlobalSection
	GlobalSection(ExtensibilityGlobals) = postSolution
		SolutionGuid = {68F11496-A61B-4976-A76D-01AEE8D66D09}
	EndGlobalSection
EndGlobal
