
Microsoft Visual Studio Solution File, Format Version 12.00
# Visual Studio Version 17
VisualStudioVersion = 17.0.32112.339
MinimumVisualStudioVersion = 10.0.40219.1
Project("{FAE04EC0-301F-11D3-BF4B-00C04F79EFBC}") = "interfaces scalene triangle", "interfaces scalene triangle\interfaces scalene triangle.csproj", "{58E6C728-30C9-4138-B456-CEF18A229834}"
EndProject
Global
	GlobalSection(SolutionConfigurationPlatforms) = preSolution
		Debug|Any CPU = Debug|Any CPU
		Release|Any CPU = Release|Any CPU
	EndGlobalSection
	GlobalSection(ProjectConfigurationPlatforms) = postSolution
		{58E6C728-30C9-4138-B456-CEF18A229834}.Debug|Any CPU.ActiveCfg = Debug|Any CPU
		{58E6C728-30C9-4138-B456-CEF18A229834}.Debug|Any CPU.Build.0 = Debug|Any CPU
		{58E6C728-30C9-4138-B456-CEF18A229834}.Release|Any CPU.ActiveCfg = Release|Any CPU
		{58E6C728-30C9-4138-B456-CEF18A229834}.Release|Any CPU.Build.0 = Release|Any CPU
	EndGlobalSection
	GlobalSection(SolutionProperties) = preSolution
		HideSolutionNode = FALSE
	EndGlobalSection
	GlobalSection(ExtensibilityGlobals) = postSolution
		SolutionGuid = {4C53D9E1-CC15-4FE4-9C91-C6F290C6E4E1}
	EndGlobalSection
EndGlobal
