
Microsoft Visual Studio Solution File, Format Version 12.00
# Visual Studio Version 17
VisualStudioVersion = 17.0.32112.339
MinimumVisualStudioVersion = 10.0.40219.1
Project("{FAE04EC0-301F-11D3-BF4B-00C04F79EFBC}") = "A Power B Console for loop", "A Power B Console for loop\A Power B Console for loop.csproj", "{2E393AE4-6541-4D71-A1B0-7B384959963F}"
EndProject
Global
	GlobalSection(SolutionConfigurationPlatforms) = preSolution
		Debug|Any CPU = Debug|Any CPU
		Release|Any CPU = Release|Any CPU
	EndGlobalSection
	GlobalSection(ProjectConfigurationPlatforms) = postSolution
		{2E393AE4-6541-4D71-A1B0-7B384959963F}.Debug|Any CPU.ActiveCfg = Debug|Any CPU
		{2E393AE4-6541-4D71-A1B0-7B384959963F}.Debug|Any CPU.Build.0 = Debug|Any CPU
		{2E393AE4-6541-4D71-A1B0-7B384959963F}.Release|Any CPU.ActiveCfg = Release|Any CPU
		{2E393AE4-6541-4D71-A1B0-7B384959963F}.Release|Any CPU.Build.0 = Release|Any CPU
	EndGlobalSection
	GlobalSection(SolutionProperties) = preSolution
		HideSolutionNode = FALSE
	EndGlobalSection
	GlobalSection(ExtensibilityGlobals) = postSolution
		SolutionGuid = {86B9FEAC-ED85-4BAE-AC8B-F5C9B4232B9D}
	EndGlobalSection
EndGlobal
