
Microsoft Visual Studio Solution File, Format Version 12.00
# Visual Studio Version 17
VisualStudioVersion = 17.0.32112.339
MinimumVisualStudioVersion = 10.0.40219.1
Project("{FAE04EC0-301F-11D3-BF4B-00C04F79EFBC}") = "own program using 4 loops", "own program using 4 loops\own program using 4 loops.csproj", "{1AC521E4-9714-4AA7-B94A-A70F5FD080A6}"
EndProject
Global
	GlobalSection(SolutionConfigurationPlatforms) = preSolution
		Debug|Any CPU = Debug|Any CPU
		Release|Any CPU = Release|Any CPU
	EndGlobalSection
	GlobalSection(ProjectConfigurationPlatforms) = postSolution
		{1AC521E4-9714-4AA7-B94A-A70F5FD080A6}.Debug|Any CPU.ActiveCfg = Debug|Any CPU
		{1AC521E4-9714-4AA7-B94A-A70F5FD080A6}.Debug|Any CPU.Build.0 = Debug|Any CPU
		{1AC521E4-9714-4AA7-B94A-A70F5FD080A6}.Release|Any CPU.ActiveCfg = Release|Any CPU
		{1AC521E4-9714-4AA7-B94A-A70F5FD080A6}.Release|Any CPU.Build.0 = Release|Any CPU
	EndGlobalSection
	GlobalSection(SolutionProperties) = preSolution
		HideSolutionNode = FALSE
	EndGlobalSection
	GlobalSection(ExtensibilityGlobals) = postSolution
		SolutionGuid = {AE6C9550-F6F7-472A-ABB8-E5F49D469C24}
	EndGlobalSection
EndGlobal
