
Microsoft Visual Studio Solution File, Format Version 12.00
# Visual Studio Version 17
VisualStudioVersion = 17.0.32112.339
MinimumVisualStudioVersion = 10.0.40219.1
Project("{FAE04EC0-301F-11D3-BF4B-00C04F79EFBC}") = "project 2", "project 2\project 2.csproj", "{61EC153F-32FD-4F08-BF0F-967E8EBC1DDA}"
EndProject
Global
	GlobalSection(SolutionConfigurationPlatforms) = preSolution
		Debug|Any CPU = Debug|Any CPU
		Release|Any CPU = Release|Any CPU
	EndGlobalSection
	GlobalSection(ProjectConfigurationPlatforms) = postSolution
		{61EC153F-32FD-4F08-BF0F-967E8EBC1DDA}.Debug|Any CPU.ActiveCfg = Debug|Any CPU
		{61EC153F-32FD-4F08-BF0F-967E8EBC1DDA}.Debug|Any CPU.Build.0 = Debug|Any CPU
		{61EC153F-32FD-4F08-BF0F-967E8EBC1DDA}.Release|Any CPU.ActiveCfg = Release|Any CPU
		{61EC153F-32FD-4F08-BF0F-967E8EBC1DDA}.Release|Any CPU.Build.0 = Release|Any CPU
	EndGlobalSection
	GlobalSection(SolutionProperties) = preSolution
		HideSolutionNode = FALSE
	EndGlobalSection
	GlobalSection(ExtensibilityGlobals) = postSolution
		SolutionGuid = {C14398C1-3DA3-4567-943D-9E72710D4122}
	EndGlobalSection
EndGlobal
