
Microsoft Visual Studio Solution File, Format Version 12.00
# Visual Studio Version 17
VisualStudioVersion = 17.0.32112.339
MinimumVisualStudioVersion = 10.0.40219.1
Project("{FAE04EC0-301F-11D3-BF4B-00C04F79EFBC}") = "add data", "add data\add data.csproj", "{01F26B26-10E4-41A5-8ABC-1DA441F5D004}"
EndProject
Global
	GlobalSection(SolutionConfigurationPlatforms) = preSolution
		Debug|Any CPU = Debug|Any CPU
		Release|Any CPU = Release|Any CPU
	EndGlobalSection
	GlobalSection(ProjectConfigurationPlatforms) = postSolution
		{01F26B26-10E4-41A5-8ABC-1DA441F5D004}.Debug|Any CPU.ActiveCfg = Debug|Any CPU
		{01F26B26-10E4-41A5-8ABC-1DA441F5D004}.Debug|Any CPU.Build.0 = Debug|Any CPU
		{01F26B26-10E4-41A5-8ABC-1DA441F5D004}.Release|Any CPU.ActiveCfg = Release|Any CPU
		{01F26B26-10E4-41A5-8ABC-1DA441F5D004}.Release|Any CPU.Build.0 = Release|Any CPU
	EndGlobalSection
	GlobalSection(SolutionProperties) = preSolution
		HideSolutionNode = FALSE
	EndGlobalSection
	GlobalSection(ExtensibilityGlobals) = postSolution
		SolutionGuid = {52634346-E767-4A7C-8F5B-532B81D59DA1}
	EndGlobalSection
EndGlobal
