
Microsoft Visual Studio Solution File, Format Version 12.00
# Visual Studio Version 17
VisualStudioVersion = 17.0.32112.339
MinimumVisualStudioVersion = 10.0.40219.1
Project("{FAE04EC0-301F-11D3-BF4B-00C04F79EFBC}") = "two 2D array  2 2 sum of 2 matrices", "two 2D array  2 2 sum of 2 matrices\two 2D array  2 2 sum of 2 matrices.csproj", "{AAFB24FA-E8B2-4BBE-8626-20270B20A7EC}"
EndProject
Global
	GlobalSection(SolutionConfigurationPlatforms) = preSolution
		Debug|Any CPU = Debug|Any CPU
		Release|Any CPU = Release|Any CPU
	EndGlobalSection
	GlobalSection(ProjectConfigurationPlatforms) = postSolution
		{AAFB24FA-E8B2-4BBE-8626-20270B20A7EC}.Debug|Any CPU.ActiveCfg = Debug|Any CPU
		{AAFB24FA-E8B2-4BBE-8626-20270B20A7EC}.Debug|Any CPU.Build.0 = Debug|Any CPU
		{AAFB24FA-E8B2-4BBE-8626-20270B20A7EC}.Release|Any CPU.ActiveCfg = Release|Any CPU
		{AAFB24FA-E8B2-4BBE-8626-20270B20A7EC}.Release|Any CPU.Build.0 = Release|Any CPU
	EndGlobalSection
	GlobalSection(SolutionProperties) = preSolution
		HideSolutionNode = FALSE
	EndGlobalSection
	GlobalSection(ExtensibilityGlobals) = postSolution
		SolutionGuid = {5344CA98-0E20-4884-A494-326991E9FF31}
	EndGlobalSection
EndGlobal
