
Microsoft Visual Studio Solution File, Format Version 12.00
# Visual Studio Version 17
VisualStudioVersion = 17.0.32112.339
MinimumVisualStudioVersion = 10.0.40219.1
Project("{FAE04EC0-301F-11D3-BF4B-00C04F79EFBC}") = "2D array 2 2 user values and print", "2D array 2 2 user values and print\2D array 2 2 user values and print.csproj", "{CA0CC017-5D4B-4C91-BA41-836BEE0137E5}"
EndProject
Global
	GlobalSection(SolutionConfigurationPlatforms) = preSolution
		Debug|Any CPU = Debug|Any CPU
		Release|Any CPU = Release|Any CPU
	EndGlobalSection
	GlobalSection(ProjectConfigurationPlatforms) = postSolution
		{CA0CC017-5D4B-4C91-BA41-836BEE0137E5}.Debug|Any CPU.ActiveCfg = Debug|Any CPU
		{CA0CC017-5D4B-4C91-BA41-836BEE0137E5}.Debug|Any CPU.Build.0 = Debug|Any CPU
		{CA0CC017-5D4B-4C91-BA41-836BEE0137E5}.Release|Any CPU.ActiveCfg = Release|Any CPU
		{CA0CC017-5D4B-4C91-BA41-836BEE0137E5}.Release|Any CPU.Build.0 = Release|Any CPU
	EndGlobalSection
	GlobalSection(SolutionProperties) = preSolution
		HideSolutionNode = FALSE
	EndGlobalSection
	GlobalSection(ExtensibilityGlobals) = postSolution
		SolutionGuid = {83DFEBB7-DB70-49FC-B80B-7673F1D4A037}
	EndGlobalSection
EndGlobal
