
Microsoft Visual Studio Solution File, Format Version 12.00
# Visual Studio Version 17
VisualStudioVersion = 17.0.32112.339
MinimumVisualStudioVersion = 10.0.40219.1
Project("{FAE04EC0-301F-11D3-BF4B-00C04F79EFBC}") = "Create seller class", "Create seller class\Create seller class.csproj", "{D12C326A-1E8B-4D20-B2BA-10B1218B44BE}"
EndProject
Global
	GlobalSection(SolutionConfigurationPlatforms) = preSolution
		Debug|Any CPU = Debug|Any CPU
		Release|Any CPU = Release|Any CPU
	EndGlobalSection
	GlobalSection(ProjectConfigurationPlatforms) = postSolution
		{D12C326A-1E8B-4D20-B2BA-10B1218B44BE}.Debug|Any CPU.ActiveCfg = Debug|Any CPU
		{D12C326A-1E8B-4D20-B2BA-10B1218B44BE}.Debug|Any CPU.Build.0 = Debug|Any CPU
		{D12C326A-1E8B-4D20-B2BA-10B1218B44BE}.Release|Any CPU.ActiveCfg = Release|Any CPU
		{D12C326A-1E8B-4D20-B2BA-10B1218B44BE}.Release|Any CPU.Build.0 = Release|Any CPU
	EndGlobalSection
	GlobalSection(SolutionProperties) = preSolution
		HideSolutionNode = FALSE
	EndGlobalSection
	GlobalSection(ExtensibilityGlobals) = postSolution
		SolutionGuid = {1C8A2259-D244-4BEB-AF4C-2B0C434DA0D9}
	EndGlobalSection
EndGlobal
