
Microsoft Visual Studio Solution File, Format Version 12.00
# Visual Studio Version 17
VisualStudioVersion = 17.0.32112.339
MinimumVisualStudioVersion = 10.0.40219.1
Project("{FAE04EC0-301F-11D3-BF4B-00C04F79EFBC}") = "SINGLE INHERITANCE", "SINGLE INHERITANCE\SINGLE INHERITANCE.csproj", "{EF1F888E-6729-49D2-A8BA-797089E2EAA0}"
EndProject
Global
	GlobalSection(SolutionConfigurationPlatforms) = preSolution
		Debug|Any CPU = Debug|Any CPU
		Release|Any CPU = Release|Any CPU
	EndGlobalSection
	GlobalSection(ProjectConfigurationPlatforms) = postSolution
		{EF1F888E-6729-49D2-A8BA-797089E2EAA0}.Debug|Any CPU.ActiveCfg = Debug|Any CPU
		{EF1F888E-6729-49D2-A8BA-797089E2EAA0}.Debug|Any CPU.Build.0 = Debug|Any CPU
		{EF1F888E-6729-49D2-A8BA-797089E2EAA0}.Release|Any CPU.ActiveCfg = Release|Any CPU
		{EF1F888E-6729-49D2-A8BA-797089E2EAA0}.Release|Any CPU.Build.0 = Release|Any CPU
	EndGlobalSection
	GlobalSection(SolutionProperties) = preSolution
		HideSolutionNode = FALSE
	EndGlobalSection
	GlobalSection(ExtensibilityGlobals) = postSolution
		SolutionGuid = {3BFE3E14-0994-41A9-A9C7-FE842AD4FEFC}
	EndGlobalSection
EndGlobal
