
Microsoft Visual Studio Solution File, Format Version 12.00
# Visual Studio Version 17
VisualStudioVersion = 17.0.32112.339
MinimumVisualStudioVersion = 10.0.40219.1
Project("{FAE04EC0-301F-11D3-BF4B-00C04F79EFBC}") = "project 8", "project 8\project 8.csproj", "{00E3411A-8ED0-4469-AC17-019D1E86F4B3}"
EndProject
Global
	GlobalSection(SolutionConfigurationPlatforms) = preSolution
		Debug|Any CPU = Debug|Any CPU
		Release|Any CPU = Release|Any CPU
	EndGlobalSection
	GlobalSection(ProjectConfigurationPlatforms) = postSolution
		{00E3411A-8ED0-4469-AC17-019D1E86F4B3}.Debug|Any CPU.ActiveCfg = Debug|Any CPU
		{00E3411A-8ED0-4469-AC17-019D1E86F4B3}.Debug|Any CPU.Build.0 = Debug|Any CPU
		{00E3411A-8ED0-4469-AC17-019D1E86F4B3}.Release|Any CPU.ActiveCfg = Release|Any CPU
		{00E3411A-8ED0-4469-AC17-019D1E86F4B3}.Release|Any CPU.Build.0 = Release|Any CPU
	EndGlobalSection
	GlobalSection(SolutionProperties) = preSolution
		HideSolutionNode = FALSE
	EndGlobalSection
	GlobalSection(ExtensibilityGlobals) = postSolution
		SolutionGuid = {7252B08F-3C47-4344-B957-8CAACC33FACA}
	EndGlobalSection
EndGlobal
