
Microsoft Visual Studio Solution File, Format Version 12.00
# Visual Studio Version 17
VisualStudioVersion = 17.0.32112.339
MinimumVisualStudioVersion = 10.0.40219.1
Project("{FAE04EC0-301F-11D3-BF4B-00C04F79EFBC}") = "JohneyLibrary", "JohneyLibrary\JohneyLibrary.csproj", "{0BC2BDB1-2B30-4275-93B4-9FB5B7C13D82}"
EndProject
Project("{FAE04EC0-301F-11D3-BF4B-00C04F79EFBC}") = "PublicLibrary", "PublicLibrary\PublicLibrary.csproj", "{2830D59A-9AE2-443B-BBA7-CAFF59AAF3AA}"
EndProject
Project("{FAE04EC0-301F-11D3-BF4B-00C04F79EFBC}") = "ClientApp", "ClientApp\ClientApp.csproj", "{9F0639A6-9C0C-4104-8C40-BC34FCE29369}"
EndProject
Global
	GlobalSection(SolutionConfigurationPlatforms) = preSolution
		Debug|Any CPU = Debug|Any CPU
		Release|Any CPU = Release|Any CPU
	EndGlobalSection
	GlobalSection(ProjectConfigurationPlatforms) = postSolution
		{0BC2BDB1-2B30-4275-93B4-9FB5B7C13D82}.Debug|Any CPU.ActiveCfg = Debug|Any CPU
		{0BC2BDB1-2B30-4275-93B4-9FB5B7C13D82}.Debug|Any CPU.Build.0 = Debug|Any CPU
		{0BC2BDB1-2B30-4275-93B4-9FB5B7C13D82}.Release|Any CPU.ActiveCfg = Release|Any CPU
		{0BC2BDB1-2B30-4275-93B4-9FB5B7C13D82}.Release|Any CPU.Build.0 = Release|Any CPU
		{2830D59A-9AE2-443B-BBA7-CAFF59AAF3AA}.Debug|Any CPU.ActiveCfg = Debug|Any CPU
		{2830D59A-9AE2-443B-BBA7-CAFF59AAF3AA}.Debug|Any CPU.Build.0 = Debug|Any CPU
		{2830D59A-9AE2-443B-BBA7-CAFF59AAF3AA}.Release|Any CPU.ActiveCfg = Release|Any CPU
		{2830D59A-9AE2-443B-BBA7-CAFF59AAF3AA}.Release|Any CPU.Build.0 = Release|Any CPU
		{9F0639A6-9C0C-4104-8C40-BC34FCE29369}.Debug|Any CPU.ActiveCfg = Debug|Any CPU
		{9F0639A6-9C0C-4104-8C40-BC34FCE29369}.Debug|Any CPU.Build.0 = Debug|Any CPU
		{9F0639A6-9C0C-4104-8C40-BC34FCE29369}.Release|Any CPU.ActiveCfg = Release|Any CPU
		{9F0639A6-9C0C-4104-8C40-BC34FCE29369}.Release|Any CPU.Build.0 = Release|Any CPU
	EndGlobalSection
	GlobalSection(SolutionProperties) = preSolution
		HideSolutionNode = FALSE
	EndGlobalSection
	GlobalSection(ExtensibilityGlobals) = postSolution
		SolutionGuid = {F2783C39-E5E8-46A1-9D48-5BD9A0C92DD8}
	EndGlobalSection
EndGlobal
