
Microsoft Visual Studio Solution File, Format Version 12.00
# Visual Studio Version 17
VisualStudioVersion = 17.0.32112.339
MinimumVisualStudioVersion = 10.0.40219.1
Project("{FAE04EC0-301F-11D3-BF4B-00C04F79EFBC}") = "sum difference mul division", "sum difference mul division\sum difference mul division.csproj", "{FBDD0948-06B7-441A-B14D-999EA8342D6B}"
EndProject
Global
	GlobalSection(SolutionConfigurationPlatforms) = preSolution
		Debug|Any CPU = Debug|Any CPU
		Release|Any CPU = Release|Any CPU
	EndGlobalSection
	GlobalSection(ProjectConfigurationPlatforms) = postSolution
		{FBDD0948-06B7-441A-B14D-999EA8342D6B}.Debug|Any CPU.ActiveCfg = Debug|Any CPU
		{FBDD0948-06B7-441A-B14D-999EA8342D6B}.Debug|Any CPU.Build.0 = Debug|Any CPU
		{FBDD0948-06B7-441A-B14D-999EA8342D6B}.Release|Any CPU.ActiveCfg = Release|Any CPU
		{FBDD0948-06B7-441A-B14D-999EA8342D6B}.Release|Any CPU.Build.0 = Release|Any CPU
	EndGlobalSection
	GlobalSection(SolutionProperties) = preSolution
		HideSolutionNode = FALSE
	EndGlobalSection
	GlobalSection(ExtensibilityGlobals) = postSolution
		SolutionGuid = {E65A0688-833A-4D86-B18E-8B4AA17E24CC}
	EndGlobalSection
EndGlobal
