
Microsoft Visual Studio Solution File, Format Version 12.00
# Visual Studio Version 17
VisualStudioVersion = 17.0.32112.339
MinimumVisualStudioVersion = 10.0.40219.1
Project("{FAE04EC0-301F-11D3-BF4B-00C04F79EFBC}") = "employee id name salary using 4 loops", "employee id name salary using 4 loops\employee id name salary using 4 loops.csproj", "{9F636083-A0B3-4C71-82A3-A4152E28451A}"
EndProject
Global
	GlobalSection(SolutionConfigurationPlatforms) = preSolution
		Debug|Any CPU = Debug|Any CPU
		Release|Any CPU = Release|Any CPU
	EndGlobalSection
	GlobalSection(ProjectConfigurationPlatforms) = postSolution
		{9F636083-A0B3-4C71-82A3-A4152E28451A}.Debug|Any CPU.ActiveCfg = Debug|Any CPU
		{9F636083-A0B3-4C71-82A3-A4152E28451A}.Debug|Any CPU.Build.0 = Debug|Any CPU
		{9F636083-A0B3-4C71-82A3-A4152E28451A}.Release|Any CPU.ActiveCfg = Release|Any CPU
		{9F636083-A0B3-4C71-82A3-A4152E28451A}.Release|Any CPU.Build.0 = Release|Any CPU
	EndGlobalSection
	GlobalSection(SolutionProperties) = preSolution
		HideSolutionNode = FALSE
	EndGlobalSection
	GlobalSection(ExtensibilityGlobals) = postSolution
		SolutionGuid = {2A9186D1-56A3-4418-848C-F532044C0282}
	EndGlobalSection
EndGlobal
