
Microsoft Visual Studio Solution File, Format Version 12.00
# Visual Studio Version 17
VisualStudioVersion = 17.0.32112.339
MinimumVisualStudioVersion = 10.0.40219.1
Project("{FAE04EC0-301F-11D3-BF4B-00C04F79EFBC}") = "A Power B Desktop for loop", "A Power B Desktop for loop\A Power B Desktop for loop.csproj", "{0C11971F-C879-4FF1-AD1E-EC025E4E3A23}"
EndProject
Global
	GlobalSection(SolutionConfigurationPlatforms) = preSolution
		Debug|Any CPU = Debug|Any CPU
		Release|Any CPU = Release|Any CPU
	EndGlobalSection
	GlobalSection(ProjectConfigurationPlatforms) = postSolution
		{0C11971F-C879-4FF1-AD1E-EC025E4E3A23}.Debug|Any CPU.ActiveCfg = Debug|Any CPU
		{0C11971F-C879-4FF1-AD1E-EC025E4E3A23}.Debug|Any CPU.Build.0 = Debug|Any CPU
		{0C11971F-C879-4FF1-AD1E-EC025E4E3A23}.Release|Any CPU.ActiveCfg = Release|Any CPU
		{0C11971F-C879-4FF1-AD1E-EC025E4E3A23}.Release|Any CPU.Build.0 = Release|Any CPU
	EndGlobalSection
	GlobalSection(SolutionProperties) = preSolution
		HideSolutionNode = FALSE
	EndGlobalSection
	GlobalSection(ExtensibilityGlobals) = postSolution
		SolutionGuid = {D6641422-8532-43CA-B00B-7FB251B93626}
	EndGlobalSection
EndGlobal
