
Microsoft Visual Studio Solution File, Format Version 12.00
# Visual Studio Version 17
VisualStudioVersion = 17.0.32112.339
MinimumVisualStudioVersion = 10.0.40219.1
Project("{FAE04EC0-301F-11D3-BF4B-00C04F79EFBC}") = "project4", "project4\project4.csproj", "{9E4ED2D0-B89D-4471-8984-94A1910D01D6}"
EndProject
Global
	GlobalSection(SolutionConfigurationPlatforms) = preSolution
		Debug|Any CPU = Debug|Any CPU
		Release|Any CPU = Release|Any CPU
	EndGlobalSection
	GlobalSection(ProjectConfigurationPlatforms) = postSolution
		{9E4ED2D0-B89D-4471-8984-94A1910D01D6}.Debug|Any CPU.ActiveCfg = Debug|Any CPU
		{9E4ED2D0-B89D-4471-8984-94A1910D01D6}.Debug|Any CPU.Build.0 = Debug|Any CPU
		{9E4ED2D0-B89D-4471-8984-94A1910D01D6}.Release|Any CPU.ActiveCfg = Release|Any CPU
		{9E4ED2D0-B89D-4471-8984-94A1910D01D6}.Release|Any CPU.Build.0 = Release|Any CPU
	EndGlobalSection
	GlobalSection(SolutionProperties) = preSolution
		HideSolutionNode = FALSE
	EndGlobalSection
	GlobalSection(ExtensibilityGlobals) = postSolution
		SolutionGuid = {9ABBEE58-2624-42F1-BFEF-E60275DB3ABF}
	EndGlobalSection
EndGlobal
