
Microsoft Visual Studio Solution File, Format Version 12.00
# Visual Studio Version 17
VisualStudioVersion = 17.1.32210.238
MinimumVisualStudioVersion = 10.0.40219.1
Project("{FAE04EC0-301F-11D3-BF4B-00C04F79EFBC}") = "MYWEBAPPLICATION", "MYWEBAPPLICATION\MYWEBAPPLICATION.csproj", "{B5E98AC7-1E47-4846-8D3D-AFFD395146C3}"
EndProject
Project("{FAE04EC0-301F-11D3-BF4B-00C04F79EFBC}") = "Mathematics", "Mathematics\Mathematics.csproj", "{ECA88545-2F0A-4042-92BC-5BAA1EF0CE77}"
	ProjectSection(ProjectDependencies) = postProject
		{B5E98AC7-1E47-4846-8D3D-AFFD395146C3} = {B5E98AC7-1E47-4846-8D3D-AFFD395146C3}
	EndProjectSection
EndProject
Project("{FAE04EC0-301F-11D3-BF4B-00C04F79EFBC}") = "windows app", "windows app\windows app.csproj", "{D9CAE251-C485-4477-A553-08D8D550B084}"
	ProjectSection(ProjectDependencies) = postProject
		{B5E98AC7-1E47-4846-8D3D-AFFD395146C3} = {B5E98AC7-1E47-4846-8D3D-AFFD395146C3}
	EndProjectSection
EndProject
Global
	GlobalSection(SolutionConfigurationPlatforms) = preSolution
		Debug|Any CPU = Debug|Any CPU
		Release|Any CPU = Release|Any CPU
	EndGlobalSection
	GlobalSection(ProjectConfigurationPlatforms) = postSolution
		{B5E98AC7-1E47-4846-8D3D-AFFD395146C3}.Debug|Any CPU.ActiveCfg = Debug|Any CPU
		{B5E98AC7-1E47-4846-8D3D-AFFD395146C3}.Debug|Any CPU.Build.0 = Debug|Any CPU
		{B5E98AC7-1E47-4846-8D3D-AFFD395146C3}.Release|Any CPU.ActiveCfg = Release|Any CPU
		{B5E98AC7-1E47-4846-8D3D-AFFD395146C3}.Release|Any CPU.Build.0 = Release|Any CPU
		{ECA88545-2F0A-4042-92BC-5BAA1EF0CE77}.Debug|Any CPU.ActiveCfg = Debug|Any CPU
		{ECA88545-2F0A-4042-92BC-5BAA1EF0CE77}.Debug|Any CPU.Build.0 = Debug|Any CPU
		{ECA88545-2F0A-4042-92BC-5BAA1EF0CE77}.Release|Any CPU.ActiveCfg = Release|Any CPU
		{ECA88545-2F0A-4042-92BC-5BAA1EF0CE77}.Release|Any CPU.Build.0 = Release|Any CPU
		{D9CAE251-C485-4477-A553-08D8D550B084}.Debug|Any CPU.ActiveCfg = Debug|Any CPU
		{D9CAE251-C485-4477-A553-08D8D550B084}.Debug|Any CPU.Build.0 = Debug|Any CPU
		{D9CAE251-C485-4477-A553-08D8D550B084}.Release|Any CPU.ActiveCfg = Release|Any CPU
		{D9CAE251-C485-4477-A553-08D8D550B084}.Release|Any CPU.Build.0 = Release|Any CPU
	EndGlobalSection
	GlobalSection(SolutionProperties) = preSolution
		HideSolutionNode = FALSE
	EndGlobalSection
	GlobalSection(ExtensibilityGlobals) = postSolution
		SolutionGuid = {4050FAC5-5D0E-4E77-9695-1672467EB60F}
	EndGlobalSection
EndGlobal
