
Microsoft Visual Studio Solution File, Format Version 12.00
# Visual Studio Version 17
VisualStudioVersion = 17.0.32112.339
MinimumVisualStudioVersion = 10.0.40219.1
Project("{FAE04EC0-301F-11D3-BF4B-00C04F79EFBC}") = "read 4 nums print value FOREACH LOOP", "read 4 nums print value FOREACH LOOP\read 4 nums print value FOREACH LOOP.csproj", "{814FA6C9-0CB6-44CE-B1DE-985D6406276F}"
EndProject
Global
	GlobalSection(SolutionConfigurationPlatforms) = preSolution
		Debug|Any CPU = Debug|Any CPU
		Release|Any CPU = Release|Any CPU
	EndGlobalSection
	GlobalSection(ProjectConfigurationPlatforms) = postSolution
		{814FA6C9-0CB6-44CE-B1DE-985D6406276F}.Debug|Any CPU.ActiveCfg = Debug|Any CPU
		{814FA6C9-0CB6-44CE-B1DE-985D6406276F}.Debug|Any CPU.Build.0 = Debug|Any CPU
		{814FA6C9-0CB6-44CE-B1DE-985D6406276F}.Release|Any CPU.ActiveCfg = Release|Any CPU
		{814FA6C9-0CB6-44CE-B1DE-985D6406276F}.Release|Any CPU.Build.0 = Release|Any CPU
	EndGlobalSection
	GlobalSection(SolutionProperties) = preSolution
		HideSolutionNode = FALSE
	EndGlobalSection
	GlobalSection(ExtensibilityGlobals) = postSolution
		SolutionGuid = {E9F781EB-3B59-49F1-8F6E-70665989711A}
	EndGlobalSection
EndGlobal
