
Microsoft Visual Studio Solution File, Format Version 12.00
# Visual Studio Version 17
VisualStudioVersion = 17.0.32112.339
MinimumVisualStudioVersion = 10.0.40219.1
Project("{FAE04EC0-301F-11D3-BF4B-00C04F79EFBC}") = "create array obj and init with 5 emp", "create array obj and init with 5 emp\create array obj and init with 5 emp.csproj", "{90D2D724-108C-46E2-9726-A073AAC1072C}"
EndProject
Global
	GlobalSection(SolutionConfigurationPlatforms) = preSolution
		Debug|Any CPU = Debug|Any CPU
		Release|Any CPU = Release|Any CPU
	EndGlobalSection
	GlobalSection(ProjectConfigurationPlatforms) = postSolution
		{90D2D724-108C-46E2-9726-A073AAC1072C}.Debug|Any CPU.ActiveCfg = Debug|Any CPU
		{90D2D724-108C-46E2-9726-A073AAC1072C}.Debug|Any CPU.Build.0 = Debug|Any CPU
		{90D2D724-108C-46E2-9726-A073AAC1072C}.Release|Any CPU.ActiveCfg = Release|Any CPU
		{90D2D724-108C-46E2-9726-A073AAC1072C}.Release|Any CPU.Build.0 = Release|Any CPU
	EndGlobalSection
	GlobalSection(SolutionProperties) = preSolution
		HideSolutionNode = FALSE
	EndGlobalSection
	GlobalSection(ExtensibilityGlobals) = postSolution
		SolutionGuid = {21322ECC-7152-4EAC-A9E9-ABE3C79E84C0}
	EndGlobalSection
EndGlobal
